
Microsoft Visual Studio Solution File, Format Version 12.00
# Visual Studio Version 16
VisualStudioVersion = 16.0.30320.27
MinimumVisualStudioVersion = 10.0.40219.1
Project("{2150E333-8FDC-42A3-9474-1A3956D46DE8}") = "Solution Items", "Solution Items", "{7CE6A3D8-287C-42DD-882A-7DD5BA912A52}"
	ProjectSection(SolutionItems) = preProject
		README.md = README.md
	EndProjectSection
EndProject
Project("{2150E333-8FDC-42A3-9474-1A3956D46DE8}") = "Microservices", "Microservices", "{83EE2955-B60F-402F-A896-3F10D58CEEDA}"
EndProject
Project("{2150E333-8FDC-42A3-9474-1A3956D46DE8}") = "Dependencies", "Dependencies", "{C90AA9C8-1AAC-4981-833D-D2C445771687}"
EndProject
Project("{9A19103F-16F7-4668-BE54-9A1E7A4F7556}") = "XB.Astrea.Client", "Dependencies\XB.Astrea.Client\XB.Astrea.Client.csproj", "{5A731E9A-EE39-4742-83C9-A595F00656ED}"
EndProject
Project("{9A19103F-16F7-4668-BE54-9A1E7A4F7556}") = "XB.IBM.MQ", "Dependencies\XB.IBM.MQ\XB.IBM.MQ.csproj", "{3A5660AE-5849-4FFA-BA8D-EF66AE5A3FDB}"
EndProject
Project("{2150E333-8FDC-42A3-9474-1A3956D46DE8}") = "Tools", "Tools", "{871733D3-1DFE-4615-80E5-376145B17869}"
EndProject
Project("{9A19103F-16F7-4668-BE54-9A1E7A4F7556}") = "MqTool", "Tools\MqTool\MqTool.csproj", "{4F982902-F851-4C88-9CB5-EA1928E412B1}"
EndProject
Project("{E53339B2-1760-4266-BCC7-CA923CBCF16C}") = "docker-compose", "docker-compose.dcproj", "{835E41FC-C863-4EB1-905D-823834F7BB5D}"
EndProject
Project("{9A19103F-16F7-4668-BE54-9A1E7A4F7556}") = "XB.Astrea.WebAPI", "Microservices\XB.Astrea.WebAPI\XB.Astrea.WebAPI.csproj", "{C7F00439-8087-46C7-9864-579A51AA9E83}"
EndProject
Project("{2150E333-8FDC-42A3-9474-1A3956D46DE8}") = "Tests", "Tests", "{15DCC31D-386C-4EF2-9B98-EA39A43E143D}"
EndProject
Project("{2150E333-8FDC-42A3-9474-1A3956D46DE8}") = "Dependencies", "Dependencies", "{C69FA523-13CA-425E-B598-F208A0B0B7D4}"
EndProject
Project("{9A19103F-16F7-4668-BE54-9A1E7A4F7556}") = "XB.Astrea.Client.Tests", "Tests\Dependencies\XB.Astrea.Client.Tests\XB.Astrea.Client.Tests.csproj", "{4A0F3739-523B-4558-BAB6-6DD94C2F6607}"
EndProject
Project("{9A19103F-16F7-4668-BE54-9A1E7A4F7556}") = "XB.Kafka", "Dependencies\XB.Kafka\XB.Kafka.csproj", "{999DF195-65AC-4456-AD24-48F1CA996FA5}"
EndProject
Project("{9A19103F-16F7-4668-BE54-9A1E7A4F7556}") = "XB.Hubert", "Dependencies\XB.HUBERT\XB.Hubert.csproj", "{30132F6B-410B-4494-A9EA-1111B2CF2A32}"
EndProject
Project("{9A19103F-16F7-4668-BE54-9A1E7A4F7556}") = "KafkaProducerTool", "Tools\KafkaProducerTool\KafkaProducerTool.csproj", "{22593E70-B801-4966-BB7C-34BBD7D18161}"
EndProject
Project("{9A19103F-16F7-4668-BE54-9A1E7A4F7556}") = "KafkaConsumerTool", "Tools\KafkaConsumerTool\KafkaConsumerTool.csproj", "{34AF8860-1950-4174-9D1E-47346FC62EAB}"
EndProject
Project("{9A19103F-16F7-4668-BE54-9A1E7A4F7556}") = "XB.Kafka.Tests", "Tests\Dependencies\XB.Kafka.Tests\XB.Kafka.Tests.csproj", "{F3DBE62B-AF0A-445B-9024-5EE68862E514}"
EndProject
Project("{9A19103F-16F7-4668-BE54-9A1E7A4F7556}") = "XB.MtParser", "Dependencies\XB.MtParser\XB.MtParser.csproj", "{93F2EC87-161C-4B26-A1FD-A4CA4327B08C}"
EndProject
Project("{9A19103F-16F7-4668-BE54-9A1E7A4F7556}") = "XB.Hubert.Tests", "Tests\Dependencies\XB.Hubert.Tests\XB.Hubert.Tests.csproj", "{144F001A-F336-4B70-9919-3E67824A43A0}"
EndProject
Project("{9A19103F-16F7-4668-BE54-9A1E7A4F7556}") = "XB.HttpClientJwt", "Dependencies\XB.HttpClient.Jwt\XB.HttpClientJwt.csproj", "{CD4EB88C-2156-4CF4-B7A3-1F6232F9A7C0}"
EndProject
Project("{9A19103F-16F7-4668-BE54-9A1E7A4F7556}") = "XB.MtParser.Tests", "Tests\Dependencies\XB.MtParser.Tests\XB.MtParser.Tests\XB.MtParser.Tests.csproj", "{AD979FC7-6C48-4F95-8BCA-487630CF4E17}"
EndProject
Project("{9A19103F-16F7-4668-BE54-9A1E7A4F7556}") = "XB.HttpClientJwt.Tests", "Tests\Dependencies\XB.HttpClientJwt.Tests\XB.HttpClientJwt.Tests.csproj", "{45B3D366-29B8-45BC-BF78-5E81FE8CBF6A}"
EndProject
Project("{9A19103F-16F7-4668-BE54-9A1E7A4F7556}") = "XB.IBM.MQ.Tests", "Tests\Dependencies\XB.IBM.MQ.Tests\XB.IBM.MQ.Tests.csproj", "{939ED580-5235-41D5-8305-5161B92F3A68}"
EndProject
Global
	GlobalSection(SolutionConfigurationPlatforms) = preSolution
		Debug|Any CPU = Debug|Any CPU
		Release|Any CPU = Release|Any CPU
	EndGlobalSection
	GlobalSection(ProjectConfigurationPlatforms) = postSolution
		{5A731E9A-EE39-4742-83C9-A595F00656ED}.Debug|Any CPU.ActiveCfg = Debug|Any CPU
		{5A731E9A-EE39-4742-83C9-A595F00656ED}.Debug|Any CPU.Build.0 = Debug|Any CPU
		{5A731E9A-EE39-4742-83C9-A595F00656ED}.Release|Any CPU.ActiveCfg = Release|Any CPU
		{5A731E9A-EE39-4742-83C9-A595F00656ED}.Release|Any CPU.Build.0 = Release|Any CPU
		{3A5660AE-5849-4FFA-BA8D-EF66AE5A3FDB}.Debug|Any CPU.ActiveCfg = Debug|Any CPU
		{3A5660AE-5849-4FFA-BA8D-EF66AE5A3FDB}.Debug|Any CPU.Build.0 = Debug|Any CPU
		{3A5660AE-5849-4FFA-BA8D-EF66AE5A3FDB}.Release|Any CPU.ActiveCfg = Release|Any CPU
		{3A5660AE-5849-4FFA-BA8D-EF66AE5A3FDB}.Release|Any CPU.Build.0 = Release|Any CPU
		{4F982902-F851-4C88-9CB5-EA1928E412B1}.Debug|Any CPU.ActiveCfg = Debug|Any CPU
		{4F982902-F851-4C88-9CB5-EA1928E412B1}.Debug|Any CPU.Build.0 = Debug|Any CPU
		{4F982902-F851-4C88-9CB5-EA1928E412B1}.Release|Any CPU.ActiveCfg = Release|Any CPU
		{4F982902-F851-4C88-9CB5-EA1928E412B1}.Release|Any CPU.Build.0 = Release|Any CPU
		{835E41FC-C863-4EB1-905D-823834F7BB5D}.Debug|Any CPU.ActiveCfg = Debug|Any CPU
		{835E41FC-C863-4EB1-905D-823834F7BB5D}.Debug|Any CPU.Build.0 = Debug|Any CPU
		{835E41FC-C863-4EB1-905D-823834F7BB5D}.Release|Any CPU.ActiveCfg = Release|Any CPU
		{835E41FC-C863-4EB1-905D-823834F7BB5D}.Release|Any CPU.Build.0 = Release|Any CPU
		{C7F00439-8087-46C7-9864-579A51AA9E83}.Debug|Any CPU.ActiveCfg = Debug|Any CPU
		{C7F00439-8087-46C7-9864-579A51AA9E83}.Debug|Any CPU.Build.0 = Debug|Any CPU
		{C7F00439-8087-46C7-9864-579A51AA9E83}.Release|Any CPU.ActiveCfg = Release|Any CPU
		{C7F00439-8087-46C7-9864-579A51AA9E83}.Release|Any CPU.Build.0 = Release|Any CPU
		{4A0F3739-523B-4558-BAB6-6DD94C2F6607}.Debug|Any CPU.ActiveCfg = Debug|Any CPU
		{4A0F3739-523B-4558-BAB6-6DD94C2F6607}.Debug|Any CPU.Build.0 = Debug|Any CPU
		{4A0F3739-523B-4558-BAB6-6DD94C2F6607}.Release|Any CPU.ActiveCfg = Release|Any CPU
		{4A0F3739-523B-4558-BAB6-6DD94C2F6607}.Release|Any CPU.Build.0 = Release|Any CPU
		{999DF195-65AC-4456-AD24-48F1CA996FA5}.Debug|Any CPU.ActiveCfg = Debug|Any CPU
		{999DF195-65AC-4456-AD24-48F1CA996FA5}.Debug|Any CPU.Build.0 = Debug|Any CPU
		{999DF195-65AC-4456-AD24-48F1CA996FA5}.Release|Any CPU.ActiveCfg = Release|Any CPU
		{999DF195-65AC-4456-AD24-48F1CA996FA5}.Release|Any CPU.Build.0 = Release|Any CPU
		{30132F6B-410B-4494-A9EA-1111B2CF2A32}.Debug|Any CPU.ActiveCfg = Debug|Any CPU
		{30132F6B-410B-4494-A9EA-1111B2CF2A32}.Debug|Any CPU.Build.0 = Debug|Any CPU
		{30132F6B-410B-4494-A9EA-1111B2CF2A32}.Release|Any CPU.ActiveCfg = Release|Any CPU
		{30132F6B-410B-4494-A9EA-1111B2CF2A32}.Release|Any CPU.Build.0 = Release|Any CPU
		{22593E70-B801-4966-BB7C-34BBD7D18161}.Debug|Any CPU.ActiveCfg = Debug|Any CPU
		{22593E70-B801-4966-BB7C-34BBD7D18161}.Debug|Any CPU.Build.0 = Debug|Any CPU
		{22593E70-B801-4966-BB7C-34BBD7D18161}.Release|Any CPU.ActiveCfg = Release|Any CPU
		{22593E70-B801-4966-BB7C-34BBD7D18161}.Release|Any CPU.Build.0 = Release|Any CPU
		{34AF8860-1950-4174-9D1E-47346FC62EAB}.Debug|Any CPU.ActiveCfg = Debug|Any CPU
		{34AF8860-1950-4174-9D1E-47346FC62EAB}.Debug|Any CPU.Build.0 = Debug|Any CPU
		{34AF8860-1950-4174-9D1E-47346FC62EAB}.Release|Any CPU.ActiveCfg = Release|Any CPU
		{34AF8860-1950-4174-9D1E-47346FC62EAB}.Release|Any CPU.Build.0 = Release|Any CPU
		{F3DBE62B-AF0A-445B-9024-5EE68862E514}.Debug|Any CPU.ActiveCfg = Debug|Any CPU
		{F3DBE62B-AF0A-445B-9024-5EE68862E514}.Debug|Any CPU.Build.0 = Debug|Any CPU
		{F3DBE62B-AF0A-445B-9024-5EE68862E514}.Release|Any CPU.ActiveCfg = Release|Any CPU
		{F3DBE62B-AF0A-445B-9024-5EE68862E514}.Release|Any CPU.Build.0 = Release|Any CPU
		{93F2EC87-161C-4B26-A1FD-A4CA4327B08C}.Debug|Any CPU.ActiveCfg = Debug|Any CPU
		{93F2EC87-161C-4B26-A1FD-A4CA4327B08C}.Debug|Any CPU.Build.0 = Debug|Any CPU
		{93F2EC87-161C-4B26-A1FD-A4CA4327B08C}.Release|Any CPU.ActiveCfg = Release|Any CPU
		{93F2EC87-161C-4B26-A1FD-A4CA4327B08C}.Release|Any CPU.Build.0 = Release|Any CPU
		{144F001A-F336-4B70-9919-3E67824A43A0}.Debug|Any CPU.ActiveCfg = Debug|Any CPU
		{144F001A-F336-4B70-9919-3E67824A43A0}.Debug|Any CPU.Build.0 = Debug|Any CPU
		{144F001A-F336-4B70-9919-3E67824A43A0}.Release|Any CPU.ActiveCfg = Release|Any CPU
		{144F001A-F336-4B70-9919-3E67824A43A0}.Release|Any CPU.Build.0 = Release|Any CPU
		{CD4EB88C-2156-4CF4-B7A3-1F6232F9A7C0}.Debug|Any CPU.ActiveCfg = Debug|Any CPU
		{CD4EB88C-2156-4CF4-B7A3-1F6232F9A7C0}.Debug|Any CPU.Build.0 = Debug|Any CPU
		{CD4EB88C-2156-4CF4-B7A3-1F6232F9A7C0}.Release|Any CPU.ActiveCfg = Release|Any CPU
		{CD4EB88C-2156-4CF4-B7A3-1F6232F9A7C0}.Release|Any CPU.Build.0 = Release|Any CPU
		{AD979FC7-6C48-4F95-8BCA-487630CF4E17}.Debug|Any CPU.ActiveCfg = Debug|Any CPU
		{AD979FC7-6C48-4F95-8BCA-487630CF4E17}.Debug|Any CPU.Build.0 = Debug|Any CPU
		{AD979FC7-6C48-4F95-8BCA-487630CF4E17}.Release|Any CPU.ActiveCfg = Release|Any CPU
		{AD979FC7-6C48-4F95-8BCA-487630CF4E17}.Release|Any CPU.Build.0 = Release|Any CPU
		{45B3D366-29B8-45BC-BF78-5E81FE8CBF6A}.Debug|Any CPU.ActiveCfg = Debug|Any CPU
		{45B3D366-29B8-45BC-BF78-5E81FE8CBF6A}.Debug|Any CPU.Build.0 = Debug|Any CPU
		{45B3D366-29B8-45BC-BF78-5E81FE8CBF6A}.Release|Any CPU.ActiveCfg = Release|Any CPU
		{45B3D366-29B8-45BC-BF78-5E81FE8CBF6A}.Release|Any CPU.Build.0 = Release|Any CPU
		{939ED580-5235-41D5-8305-5161B92F3A68}.Debug|Any CPU.ActiveCfg = Debug|Any CPU
		{939ED580-5235-41D5-8305-5161B92F3A68}.Debug|Any CPU.Build.0 = Debug|Any CPU
		{939ED580-5235-41D5-8305-5161B92F3A68}.Release|Any CPU.ActiveCfg = Release|Any CPU
		{939ED580-5235-41D5-8305-5161B92F3A68}.Release|Any CPU.Build.0 = Release|Any CPU
	EndGlobalSection
	GlobalSection(SolutionProperties) = preSolution
		HideSolutionNode = FALSE
	EndGlobalSection
	GlobalSection(NestedProjects) = preSolution
		{5A731E9A-EE39-4742-83C9-A595F00656ED} = {C90AA9C8-1AAC-4981-833D-D2C445771687}
		{3A5660AE-5849-4FFA-BA8D-EF66AE5A3FDB} = {C90AA9C8-1AAC-4981-833D-D2C445771687}
		{4F982902-F851-4C88-9CB5-EA1928E412B1} = {871733D3-1DFE-4615-80E5-376145B17869}
		{C7F00439-8087-46C7-9864-579A51AA9E83} = {83EE2955-B60F-402F-A896-3F10D58CEEDA}
		{C69FA523-13CA-425E-B598-F208A0B0B7D4} = {15DCC31D-386C-4EF2-9B98-EA39A43E143D}
		{4A0F3739-523B-4558-BAB6-6DD94C2F6607} = {C69FA523-13CA-425E-B598-F208A0B0B7D4}
		{999DF195-65AC-4456-AD24-48F1CA996FA5} = {C90AA9C8-1AAC-4981-833D-D2C445771687}
		{30132F6B-410B-4494-A9EA-1111B2CF2A32} = {C90AA9C8-1AAC-4981-833D-D2C445771687}
		{22593E70-B801-4966-BB7C-34BBD7D18161} = {871733D3-1DFE-4615-80E5-376145B17869}
		{34AF8860-1950-4174-9D1E-47346FC62EAB} = {871733D3-1DFE-4615-80E5-376145B17869}
		{F3DBE62B-AF0A-445B-9024-5EE68862E514} = {C69FA523-13CA-425E-B598-F208A0B0B7D4}
		{93F2EC87-161C-4B26-A1FD-A4CA4327B08C} = {C90AA9C8-1AAC-4981-833D-D2C445771687}
		{144F001A-F336-4B70-9919-3E67824A43A0} = {C69FA523-13CA-425E-B598-F208A0B0B7D4}
		{CD4EB88C-2156-4CF4-B7A3-1F6232F9A7C0} = {C90AA9C8-1AAC-4981-833D-D2C445771687}
		{AD979FC7-6C48-4F95-8BCA-487630CF4E17} = {C69FA523-13CA-425E-B598-F208A0B0B7D4}
		{45B3D366-29B8-45BC-BF78-5E81FE8CBF6A} = {C69FA523-13CA-425E-B598-F208A0B0B7D4}
		{939ED580-5235-41D5-8305-5161B92F3A68} = {C69FA523-13CA-425E-B598-F208A0B0B7D4}
	EndGlobalSection
	GlobalSection(ExtensibilityGlobals) = postSolution
		SolutionGuid = {7419513B-B6C5-4BAA-B4E3-7DA935561B70}
	EndGlobalSection
EndGlobal
