
Microsoft Visual Studio Solution File, Format Version 12.00
# Visual Studio Version 16
VisualStudioVersion = 16.0.30320.27
MinimumVisualStudioVersion = 10.0.40219.1
Project("{2150E333-8FDC-42A3-9474-1A3956D46DE8}") = "Solution Items", "Solution Items", "{7CE6A3D8-287C-42DD-882A-7DD5BA912A52}"
	ProjectSection(SolutionItems) = preProject
		README.md = README.md
	EndProjectSection
EndProject
Project("{2150E333-8FDC-42A3-9474-1A3956D46DE8}") = "Microservices", "Microservices", "{83EE2955-B60F-402F-A896-3F10D58CEEDA}"
EndProject
Project("{2150E333-8FDC-42A3-9474-1A3956D46DE8}") = "Dependencies", "Dependencies", "{C90AA9C8-1AAC-4981-833D-D2C445771687}"
EndProject
Project("{9A19103F-16F7-4668-BE54-9A1E7A4F7556}") = "XB.Astrea.Connector", "XB.Astrea.Connector\XB.Astrea.Connector.csproj", "{F1E45045-D3A4-4842-AF41-AC60EB7D660E}"
EndProject
Project("{9A19103F-16F7-4668-BE54-9A1E7A4F7556}") = "XB.Astrea", "XB.Astrea\XB.Astrea.csproj", "{5A731E9A-EE39-4742-83C9-A595F00656ED}"
EndProject
Project("{9A19103F-16F7-4668-BE54-9A1E7A4F7556}") = "XB.IBM.MQ", "XB.IBM.MQ\XB.IBM.MQ.csproj", "{3A5660AE-5849-4FFA-BA8D-EF66AE5A3FDB}"
EndProject
Project("{2150E333-8FDC-42A3-9474-1A3956D46DE8}") = "Tools", "Tools", "{871733D3-1DFE-4615-80E5-376145B17869}"
EndProject
Project("{9A19103F-16F7-4668-BE54-9A1E7A4F7556}") = "MqTool", "MqTool\MqTool.csproj", "{4F982902-F851-4C88-9CB5-EA1928E412B1}"
EndProject
Project("{E53339B2-1760-4266-BCC7-CA923CBCF16C}") = "docker-compose", "docker-compose.dcproj", "{835E41FC-C863-4EB1-905D-823834F7BB5D}"
EndProject
Global
	GlobalSection(SolutionConfigurationPlatforms) = preSolution
		Debug|Any CPU = Debug|Any CPU
		Release|Any CPU = Release|Any CPU
	EndGlobalSection
	GlobalSection(ProjectConfigurationPlatforms) = postSolution
		{F1E45045-D3A4-4842-AF41-AC60EB7D660E}.Debug|Any CPU.ActiveCfg = Debug|Any CPU
		{F1E45045-D3A4-4842-AF41-AC60EB7D660E}.Debug|Any CPU.Build.0 = Debug|Any CPU
		{F1E45045-D3A4-4842-AF41-AC60EB7D660E}.Release|Any CPU.ActiveCfg = Release|Any CPU
		{F1E45045-D3A4-4842-AF41-AC60EB7D660E}.Release|Any CPU.Build.0 = Release|Any CPU
		{5A731E9A-EE39-4742-83C9-A595F00656ED}.Debug|Any CPU.ActiveCfg = Debug|Any CPU
		{5A731E9A-EE39-4742-83C9-A595F00656ED}.Debug|Any CPU.Build.0 = Debug|Any CPU
		{5A731E9A-EE39-4742-83C9-A595F00656ED}.Release|Any CPU.ActiveCfg = Release|Any CPU
		{5A731E9A-EE39-4742-83C9-A595F00656ED}.Release|Any CPU.Build.0 = Release|Any CPU
		{3A5660AE-5849-4FFA-BA8D-EF66AE5A3FDB}.Debug|Any CPU.ActiveCfg = Debug|Any CPU
		{3A5660AE-5849-4FFA-BA8D-EF66AE5A3FDB}.Debug|Any CPU.Build.0 = Debug|Any CPU
		{3A5660AE-5849-4FFA-BA8D-EF66AE5A3FDB}.Release|Any CPU.ActiveCfg = Release|Any CPU
		{3A5660AE-5849-4FFA-BA8D-EF66AE5A3FDB}.Release|Any CPU.Build.0 = Release|Any CPU
		{4F982902-F851-4C88-9CB5-EA1928E412B1}.Debug|Any CPU.ActiveCfg = Debug|Any CPU
		{4F982902-F851-4C88-9CB5-EA1928E412B1}.Debug|Any CPU.Build.0 = Debug|Any CPU
		{4F982902-F851-4C88-9CB5-EA1928E412B1}.Release|Any CPU.ActiveCfg = Release|Any CPU
		{4F982902-F851-4C88-9CB5-EA1928E412B1}.Release|Any CPU.Build.0 = Release|Any CPU
		{835E41FC-C863-4EB1-905D-823834F7BB5D}.Debug|Any CPU.ActiveCfg = Debug|Any CPU
		{835E41FC-C863-4EB1-905D-823834F7BB5D}.Debug|Any CPU.Build.0 = Debug|Any CPU
		{835E41FC-C863-4EB1-905D-823834F7BB5D}.Release|Any CPU.ActiveCfg = Release|Any CPU
		{835E41FC-C863-4EB1-905D-823834F7BB5D}.Release|Any CPU.Build.0 = Release|Any CPU
	EndGlobalSection
	GlobalSection(SolutionProperties) = preSolution
		HideSolutionNode = FALSE
	EndGlobalSection
	GlobalSection(NestedProjects) = preSolution
		{F1E45045-D3A4-4842-AF41-AC60EB7D660E} = {83EE2955-B60F-402F-A896-3F10D58CEEDA}
		{5A731E9A-EE39-4742-83C9-A595F00656ED} = {C90AA9C8-1AAC-4981-833D-D2C445771687}
		{3A5660AE-5849-4FFA-BA8D-EF66AE5A3FDB} = {C90AA9C8-1AAC-4981-833D-D2C445771687}
		{4F982902-F851-4C88-9CB5-EA1928E412B1} = {871733D3-1DFE-4615-80E5-376145B17869}
	EndGlobalSection
	GlobalSection(ExtensibilityGlobals) = postSolution
		SolutionGuid = {7419513B-B6C5-4BAA-B4E3-7DA935561B70}
	EndGlobalSection
EndGlobal
